
Microsoft Visual Studio Solution File, Format Version 12.00
# Visual Studio Version 17
VisualStudioVersion = 17.0.31903.59
MinimumVisualStudioVersion = 10.0.40219.1
Project("{FAE04EC0-301F-11D3-BF4B-00C04F79EFBC}") = "TDD", "teste\TDD.csproj", "{A6D60040-FFD6-4533-8430-BF58684D251B}"
EndProject
Project("{FAE04EC0-301F-11D3-BF4B-00C04F79EFBC}") = "codigo", "codigo\codigo.csproj", "{3548501B-0FDE-41B1-9A21-FAB264AFF2C1}"
EndProject
Global
	GlobalSection(SolutionConfigurationPlatforms) = preSolution
		Debug|Any CPU = Debug|Any CPU
		Release|Any CPU = Release|Any CPU
	EndGlobalSection
	GlobalSection(SolutionProperties) = preSolution
		HideSolutionNode = FALSE
	EndGlobalSection
	GlobalSection(ProjectConfigurationPlatforms) = postSolution
		{A6D60040-FFD6-4533-8430-BF58684D251B}.Debug|Any CPU.ActiveCfg = Debug|Any CPU
		{A6D60040-FFD6-4533-8430-BF58684D251B}.Debug|Any CPU.Build.0 = Debug|Any CPU
		{A6D60040-FFD6-4533-8430-BF58684D251B}.Release|Any CPU.ActiveCfg = Release|Any CPU
		{A6D60040-FFD6-4533-8430-BF58684D251B}.Release|Any CPU.Build.0 = Release|Any CPU
		{3548501B-0FDE-41B1-9A21-FAB264AFF2C1}.Debug|Any CPU.ActiveCfg = Debug|Any CPU
		{3548501B-0FDE-41B1-9A21-FAB264AFF2C1}.Debug|Any CPU.Build.0 = Debug|Any CPU
		{3548501B-0FDE-41B1-9A21-FAB264AFF2C1}.Release|Any CPU.ActiveCfg = Release|Any CPU
		{3548501B-0FDE-41B1-9A21-FAB264AFF2C1}.Release|Any CPU.Build.0 = Release|Any CPU
	EndGlobalSection
EndGlobal
